// !$*UTF8*$!
{
	archiveVersion = 1;
	classes = {
	};
	objectVersion = 56;
	objects = {

/* Begin PBXBuildFile section */
		402114072ABBED2A0038D1D0 /* ColorShiftApp.swift in Sources */ = {isa = PBXBuildFile; fileRef = 402114062ABBED2A0038D1D0 /* ColorShiftApp.swift */; };
		402114092ABBED2A0038D1D0 /* ContentView.swift in Sources */ = {isa = PBXBuildFile; fileRef = 402114082ABBED2A0038D1D0 /* ContentView.swift */; };
		4021140B2ABBED2B0038D1D0 /* Assets.xcassets in Resources */ = {isa = PBXBuildFile; fileRef = 4021140A2ABBED2B0038D1D0 /* Assets.xcassets */; };
		4021140E2ABBED2B0038D1D0 /* Preview Assets.xcassets in Resources */ = {isa = PBXBuildFile; fileRef = 4021140D2ABBED2B0038D1D0 /* Preview Assets.xcassets */; };
		402114152ABBF6E70038D1D0 /* TimerContainer.swift in Sources */ = {isa = PBXBuildFile; fileRef = 402114142ABBF6E70038D1D0 /* TimerContainer.swift */; };
		402114172ABBF7030038D1D0 /* SpeedShift.swift in Sources */ = {isa = PBXBuildFile; fileRef = 402114162ABBF7030038D1D0 /* SpeedShift.swift */; };
		4021141A2ABBF71E0038D1D0 /* Color-Extension.swift in Sources */ = {isa = PBXBuildFile; fileRef = 402114192ABBF71E0038D1D0 /* Color-Extension.swift */; };
		4021141C2ABBF73F0038D1D0 /* ColorShiftView.swift in Sources */ = {isa = PBXBuildFile; fileRef = 4021141B2ABBF73F0038D1D0 /* ColorShiftView.swift */; };
/* End PBXBuildFile section */

/* Begin PBXFileReference section */
		402114032ABBED2A0038D1D0 /* ColorShift.app */ = {isa = PBXFileReference; explicitFileType = wrapper.application; includeInIndex = 0; path = ColorShift.app; sourceTree = BUILT_PRODUCTS_DIR; };
		402114062ABBED2A0038D1D0 /* ColorShiftApp.swift */ = {isa = PBXFileReference; lastKnownFileType = sourcecode.swift; path = ColorShiftApp.swift; sourceTree = "<group>"; };
		402114082ABBED2A0038D1D0 /* ContentView.swift */ = {isa = PBXFileReference; lastKnownFileType = sourcecode.swift; path = ContentView.swift; sourceTree = "<group>"; };
		4021140A2ABBED2B0038D1D0 /* Assets.xcassets */ = {isa = PBXFileReference; lastKnownFileType = folder.assetcatalog; path = Assets.xcassets; sourceTree = "<group>"; };
		4021140D2ABBED2B0038D1D0 /* Preview Assets.xcassets */ = {isa = PBXFileReference; lastKnownFileType = folder.assetcatalog; path = "Preview Assets.xcassets"; sourceTree = "<group>"; };
		402114142ABBF6E70038D1D0 /* TimerContainer.swift */ = {isa = PBXFileReference; lastKnownFileType = sourcecode.swift; path = TimerContainer.swift; sourceTree = "<group>"; };
		402114162ABBF7030038D1D0 /* SpeedShift.swift */ = {isa = PBXFileReference; lastKnownFileType = sourcecode.swift; path = SpeedShift.swift; sourceTree = "<group>"; };
		402114192ABBF71E0038D1D0 /* Color-Extension.swift */ = {isa = PBXFileReference; lastKnownFileType = sourcecode.swift; path = "Color-Extension.swift"; sourceTree = "<group>"; };
		4021141B2ABBF73F0038D1D0 /* ColorShiftView.swift */ = {isa = PBXFileReference; lastKnownFileType = sourcecode.swift; path = ColorShiftView.swift; sourceTree = "<group>"; };
/* End PBXFileReference section */

/* Begin PBXFrameworksBuildPhase section */
		402114002ABBED2A0038D1D0 /* Frameworks */ = {
			isa = PBXFrameworksBuildPhase;
			buildActionMask = 2147483647;
			files = (
			);
			runOnlyForDeploymentPostprocessing = 0;
		};
/* End PBXFrameworksBuildPhase section */

/* Begin PBXGroup section */
		402113FA2ABBED2A0038D1D0 = {
			isa = PBXGroup;
			children = (
				402114052ABBED2A0038D1D0 /* ColorShift */,
				402114042ABBED2A0038D1D0 /* Products */,
			);
			sourceTree = "<group>";
		};
		402114042ABBED2A0038D1D0 /* Products */ = {
			isa = PBXGroup;
			children = (
				402114032ABBED2A0038D1D0 /* ColorShift.app */,
			);
			name = Products;
			sourceTree = "<group>";
		};
		402114052ABBED2A0038D1D0 /* ColorShift */ = {
			isa = PBXGroup;
			children = (
				402114062ABBED2A0038D1D0 /* ColorShiftApp.swift */,
				402114082ABBED2A0038D1D0 /* ContentView.swift */,
				4021141B2ABBF73F0038D1D0 /* ColorShiftView.swift */,
				402114142ABBF6E70038D1D0 /* TimerContainer.swift */,
				402114162ABBF7030038D1D0 /* SpeedShift.swift */,
				402114182ABBF7130038D1D0 /* Extensions */,
				4021140A2ABBED2B0038D1D0 /* Assets.xcassets */,
				4021140C2ABBED2B0038D1D0 /* Preview Content */,
			);
			path = ColorShift;
			sourceTree = "<group>";
		};
		4021140C2ABBED2B0038D1D0 /* Preview Content */ = {
			isa = PBXGroup;
			children = (
				4021140D2ABBED2B0038D1D0 /* Preview Assets.xcassets */,
			);
			path = "Preview Content";
			sourceTree = "<group>";
		};
		402114182ABBF7130038D1D0 /* Extensions */ = {
			isa = PBXGroup;
			children = (
				402114192ABBF71E0038D1D0 /* Color-Extension.swift */,
			);
			path = Extensions;
			sourceTree = "<group>";
		};
/* End PBXGroup section */

/* Begin PBXNativeTarget section */
		402114022ABBED2A0038D1D0 /* ColorShift */ = {
			isa = PBXNativeTarget;
			buildConfigurationList = 402114112ABBED2B0038D1D0 /* Build configuration list for PBXNativeTarget "ColorShift" */;
			buildPhases = (
				402113FF2ABBED2A0038D1D0 /* Sources */,
				402114002ABBED2A0038D1D0 /* Frameworks */,
				402114012ABBED2A0038D1D0 /* Resources */,
			);
			buildRules = (
			);
			dependencies = (
			);
			name = ColorShift;
			productName = ColorShift;
			productReference = 402114032ABBED2A0038D1D0 /* ColorShift.app */;
			productType = "com.apple.product-type.application";
		};
/* End PBXNativeTarget section */

/* Begin PBXProject section */
		402113FB2ABBED2A0038D1D0 /* Project object */ = {
			isa = PBXProject;
			attributes = {
				BuildIndependentTargetsInParallel = 1;
				LastSwiftUpdateCheck = 1500;
				LastUpgradeCheck = 1500;
				TargetAttributes = {
					402114022ABBED2A0038D1D0 = {
						CreatedOnToolsVersion = 15.0;
					};
				};
			};
			buildConfigurationList = 402113FE2ABBED2A0038D1D0 /* Build configuration list for PBXProject "ColorShift" */;
			compatibilityVersion = "Xcode 14.0";
			developmentRegion = en;
			hasScannedForEncodings = 0;
			knownRegions = (
				en,
				Base,
			);
			mainGroup = 402113FA2ABBED2A0038D1D0;
			productRefGroup = 402114042ABBED2A0038D1D0 /* Products */;
			projectDirPath = "";
			projectRoot = "";
			targets = (
				402114022ABBED2A0038D1D0 /* ColorShift */,
			);
		};
/* End PBXProject section */

/* Begin PBXResourcesBuildPhase section */
		402114012ABBED2A0038D1D0 /* Resources */ = {
			isa = PBXResourcesBuildPhase;
			buildActionMask = 2147483647;
			files = (
				4021140E2ABBED2B0038D1D0 /* Preview Assets.xcassets in Resources */,
				4021140B2ABBED2B0038D1D0 /* Assets.xcassets in Resources */,
			);
			runOnlyForDeploymentPostprocessing = 0;
		};
/* End PBXResourcesBuildPhase section */

/* Begin PBXSourcesBuildPhase section */
		402113FF2ABBED2A0038D1D0 /* Sources */ = {
			isa = PBXSourcesBuildPhase;
			buildActionMask = 2147483647;
			files = (
				402114152ABBF6E70038D1D0 /* TimerContainer.swift in Sources */,
				402114092ABBED2A0038D1D0 /* ContentView.swift in Sources */,
				402114172ABBF7030038D1D0 /* SpeedShift.swift in Sources */,
				4021141A2ABBF71E0038D1D0 /* Color-Extension.swift in Sources */,
				402114072ABBED2A0038D1D0 /* ColorShiftApp.swift in Sources */,
				4021141C2ABBF73F0038D1D0 /* ColorShiftView.swift in Sources */,
			);
			runOnlyForDeploymentPostprocessing = 0;
		};
/* End PBXSourcesBuildPhase section */

/* Begin XCBuildConfiguration section */
		4021140F2ABBED2B0038D1D0 /* Debug */ = {
			isa = XCBuildConfiguration;
			buildSettings = {
				ALWAYS_SEARCH_USER_PATHS = NO;
				ASSETCATALOG_COMPILER_GENERATE_SWIFT_ASSET_SYMBOL_EXTENSIONS = YES;
				CLANG_ANALYZER_NONNULL = YES;
				CLANG_ANALYZER_NUMBER_OBJECT_CONVERSION = YES_AGGRESSIVE;
				CLANG_CXX_LANGUAGE_STANDARD = "gnu++20";
				CLANG_ENABLE_MODULES = YES;
				CLANG_ENABLE_OBJC_ARC = YES;
				CLANG_ENABLE_OBJC_WEAK = YES;
				CLANG_WARN_BLOCK_CAPTURE_AUTORELEASING = YES;
				CLANG_WARN_BOOL_CONVERSION = YES;
				CLANG_WARN_COMMA = YES;
				CLANG_WARN_CONSTANT_CONVERSION = YES;
				CLANG_WARN_DEPRECATED_OBJC_IMPLEMENTATIONS = YES;
				CLANG_WARN_DIRECT_OBJC_ISA_USAGE = YES_ERROR;
				CLANG_WARN_DOCUMENTATION_COMMENTS = YES;
				CLANG_WARN_EMPTY_BODY = YES;
				CLANG_WARN_ENUM_CONVERSION = YES;
				CLANG_WARN_INFINITE_RECURSION = YES;
				CLANG_WARN_INT_CONVERSION = YES;
				CLANG_WARN_NON_LITERAL_NULL_CONVERSION = YES;
				CLANG_WARN_OBJC_IMPLICIT_RETAIN_SELF = YES;
				CLANG_WARN_OBJC_LITERAL_CONVERSION = YES;
				CLANG_WARN_OBJC_ROOT_CLASS = YES_ERROR;
				CLANG_WARN_QUOTED_INCLUDE_IN_FRAMEWORK_HEADER = YES;
				CLANG_WARN_RANGE_LOOP_ANALYSIS = YES;
				CLANG_WARN_STRICT_PROTOTYPES = YES;
				CLANG_WARN_SUSPICIOUS_MOVE = YES;
				CLANG_WARN_UNGUARDED_AVAILABILITY = YES_AGGRESSIVE;
				CLANG_WARN_UNREACHABLE_CODE = YES;
				CLANG_WARN__DUPLICATE_METHOD_MATCH = YES;
				COPY_PHASE_STRIP = NO;
				DEBUG_INFORMATION_FORMAT = dwarf;
				ENABLE_STRICT_OBJC_MSGSEND = YES;
				ENABLE_TESTABILITY = YES;
				ENABLE_USER_SCRIPT_SANDBOXING = YES;
				GCC_C_LANGUAGE_STANDARD = gnu17;
				GCC_DYNAMIC_NO_PIC = NO;
				GCC_NO_COMMON_BLOCKS = YES;
				GCC_OPTIMIZATION_LEVEL = 0;
				GCC_PREPROCESSOR_DEFINITIONS = (
					"DEBUG=1",
					"$(inherited)",
				);
				GCC_WARN_64_TO_32_BIT_CONVERSION = YES;
				GCC_WARN_ABOUT_RETURN_TYPE = YES_ERROR;
				GCC_WARN_UNDECLARED_SELECTOR = YES;
				GCC_WARN_UNINITIALIZED_AUTOS = YES_AGGRESSIVE;
				GCC_WARN_UNUSED_FUNCTION = YES;
				GCC_WARN_UNUSED_VARIABLE = YES;
				IPHONEOS_DEPLOYMENT_TARGET = 17.0;
				LOCALIZATION_PREFERS_STRING_CATALOGS = YES;
				MTL_ENABLE_DEBUG_INFO = INCLUDE_SOURCE;
				MTL_FAST_MATH = YES;
				ONLY_ACTIVE_ARCH = YES;
				SDKROOT = iphoneos;
				SWIFT_ACTIVE_COMPILATION_CONDITIONS = "DEBUG $(inherited)";
				SWIFT_OPTIMIZATION_LEVEL = "-Onone";
			};
			name = Debug;
		};
		402114102ABBED2B0038D1D0 /* Release */ = {
			isa = XCBuildConfiguration;
			buildSettings = {
				ALWAYS_SEARCH_USER_PATHS = NO;
				ASSETCATALOG_COMPILER_GENERATE_SWIFT_ASSET_SYMBOL_EXTENSIONS = YES;
				CLANG_ANALYZER_NONNULL = YES;
				CLANG_ANALYZER_NUMBER_OBJECT_CONVERSION = YES_AGGRESSIVE;
				CLANG_CXX_LANGUAGE_STANDARD = "gnu++20";
				CLANG_ENABLE_MODULES = YES;
				CLANG_ENABLE_OBJC_ARC = YES;
				CLANG_ENABLE_OBJC_WEAK = YES;
				CLANG_WARN_BLOCK_CAPTURE_AUTORELEASING = YES;
				CLANG_WARN_BOOL_CONVERSION = YES;
				CLANG_WARN_COMMA = YES;
				CLANG_WARN_CONSTANT_CONVERSION = YES;
				CLANG_WARN_DEPRECATED_OBJC_IMPLEMENTATIONS = YES;
				CLANG_WARN_DIRECT_OBJC_ISA_USAGE = YES_ERROR;
				CLANG_WARN_DOCUMENTATION_COMMENTS = YES;
				CLANG_WARN_EMPTY_BODY = YES;
				CLANG_WARN_ENUM_CONVERSION = YES;
				CLANG_WARN_INFINITE_RECURSION = YES;
				CLANG_WARN_INT_CONVERSION = YES;
				CLANG_WARN_NON_LITERAL_NULL_CONVERSION = YES;
				CLANG_WARN_OBJC_IMPLICIT_RETAIN_SELF = YES;
				CLANG_WARN_OBJC_LITERAL_CONVERSION = YES;
				CLANG_WARN_OBJC_ROOT_CLASS = YES_ERROR;
				CLANG_WARN_QUOTED_INCLUDE_IN_FRAMEWORK_HEADER = YES;
				CLANG_WARN_RANGE_LOOP_ANALYSIS = YES;
				CLANG_WARN_STRICT_PROTOTYPES = YES;
				CLANG_WARN_SUSPICIOUS_MOVE = YES;
				CLANG_WARN_UNGUARDED_AVAILABILITY = YES_AGGRESSIVE;
				CLANG_WARN_UNREACHABLE_CODE = YES;
				CLANG_WARN__DUPLICATE_METHOD_MATCH = YES;
				COPY_PHASE_STRIP = NO;
				DEBUG_INFORMATION_FORMAT = "dwarf-with-dsym";
				ENABLE_NS_ASSERTIONS = NO;
				ENABLE_STRICT_OBJC_MSGSEND = YES;
				ENABLE_USER_SCRIPT_SANDBOXING = YES;
				GCC_C_LANGUAGE_STANDARD = gnu17;
				GCC_NO_COMMON_BLOCKS = YES;
				GCC_WARN_64_TO_32_BIT_CONVERSION = YES;
				GCC_WARN_ABOUT_RETURN_TYPE = YES_ERROR;
				GCC_WARN_UNDECLARED_SELECTOR = YES;
				GCC_WARN_UNINITIALIZED_AUTOS = YES_AGGRESSIVE;
				GCC_WARN_UNUSED_FUNCTION = YES;
				GCC_WARN_UNUSED_VARIABLE = YES;
				IPHONEOS_DEPLOYMENT_TARGET = 17.0;
				LOCALIZATION_PREFERS_STRING_CATALOGS = YES;
				MTL_ENABLE_DEBUG_INFO = NO;
				MTL_FAST_MATH = YES;
				SDKROOT = iphoneos;
				SWIFT_COMPILATION_MODE = wholemodule;
				VALIDATE_PRODUCT = YES;
			};
			name = Release;
		};
		402114122ABBED2B0038D1D0 /* Debug */ = {
			isa = XCBuildConfiguration;
			buildSettings = {
				ASSETCATALOG_COMPILER_APPICON_NAME = AppIcon;
				ASSETCATALOG_COMPILER_GLOBAL_ACCENT_COLOR_NAME = AccentColor;
				CODE_SIGN_STYLE = Automatic;
				CURRENT_PROJECT_VERSION = 1;
				DEVELOPMENT_ASSET_PATHS = "\"ColorShift/Preview Content\"";
				DEVELOPMENT_TEAM = WHP94Y3BWA;
				ENABLE_PREVIEWS = YES;
				GENERATE_INFOPLIST_FILE = YES;
				INFOPLIST_KEY_UIApplicationSceneManifest_Generation = YES;
				INFOPLIST_KEY_UIApplicationSupportsIndirectInputEvents = YES;
				INFOPLIST_KEY_UILaunchScreen_Generation = YES;
				INFOPLIST_KEY_UISupportedInterfaceOrientations_iPad = "UIInterfaceOrientationPortrait UIInterfaceOrientationPortraitUpsideDown UIInterfaceOrientationLandscapeLeft UIInterfaceOrientationLandscapeRight";
				INFOPLIST_KEY_UISupportedInterfaceOrientations_iPhone = "UIInterfaceOrientationPortrait UIInterfaceOrientationLandscapeLeft UIInterfaceOrientationLandscapeRight";
				LD_RUNPATH_SEARCH_PATHS = (
					"$(inherited)",
					"@executable_path/Frameworks",
				);
				MARKETING_VERSION = 1.0;
				PRODUCT_BUNDLE_IDENTIFIER = skdf.me.ColorShift;
				PRODUCT_NAME = "$(TARGET_NAME)";
				SWIFT_EMIT_LOC_STRINGS = YES;
				SWIFT_VERSION = 5.0;
				TARGETED_DEVICE_FAMILY = "1,2";
			};
			name = Debug;
		};
		402114132ABBED2B0038D1D0 /* Release */ = {
			isa = XCBuildConfiguration;
			buildSettings = {
				ASSETCATALOG_COMPILER_APPICON_NAME = AppIcon;
				ASSETCATALOG_COMPILER_GLOBAL_ACCENT_COLOR_NAME = AccentColor;
				CODE_SIGN_STYLE = Automatic;
				CURRENT_PROJECT_VERSION = 1;
				DEVELOPMENT_ASSET_PATHS = "\"ColorShift/Preview Content\"";
				DEVELOPMENT_TEAM = WHP94Y3BWA;
				ENABLE_PREVIEWS = YES;
				GENERATE_INFOPLIST_FILE = YES;
				INFOPLIST_KEY_UIApplicationSceneManifest_Generation = YES;
				INFOPLIST_KEY_UIApplicationSupportsIndirectInputEvents = YES;
				INFOPLIST_KEY_UILaunchScreen_Generation = YES;
				INFOPLIST_KEY_UISupportedInterfaceOrientations_iPad = "UIInterfaceOrientationPortrait UIInterfaceOrientationPortraitUpsideDown UIInterfaceOrientationLandscapeLeft UIInterfaceOrientationLandscapeRight";
				INFOPLIST_KEY_UISupportedInterfaceOrientations_iPhone = "UIInterfaceOrientationPortrait UIInterfaceOrientationLandscapeLeft UIInterfaceOrientationLandscapeRight";
				LD_RUNPATH_SEARCH_PATHS = (
					"$(inherited)",
					"@executable_path/Frameworks",
				);
				MARKETING_VERSION = 1.0;
				PRODUCT_BUNDLE_IDENTIFIER = skdf.me.ColorShift;
				PRODUCT_NAME = "$(TARGET_NAME)";
				SWIFT_EMIT_LOC_STRINGS = YES;
				SWIFT_VERSION = 5.0;
				TARGETED_DEVICE_FAMILY = "1,2";
			};
			name = Release;
		};
/* End XCBuildConfiguration section */

/* Begin XCConfigurationList section */
		402113FE2ABBED2A0038D1D0 /* Build configuration list for PBXProject "ColorShift" */ = {
			isa = XCConfigurationList;
			buildConfigurations = (
				4021140F2ABBED2B0038D1D0 /* Debug */,
				402114102ABBED2B0038D1D0 /* Release */,
			);
			defaultConfigurationIsVisible = 0;
			defaultConfigurationName = Release;
		};
		402114112ABBED2B0038D1D0 /* Build configuration list for PBXNativeTarget "ColorShift" */ = {
			isa = XCConfigurationList;
			buildConfigurations = (
				402114122ABBED2B0038D1D0 /* Debug */,
				402114132ABBED2B0038D1D0 /* Release */,
			);
			defaultConfigurationIsVisible = 0;
			defaultConfigurationName = Release;
		};
/* End XCConfigurationList section */
	};
	rootObject = 402113FB2ABBED2A0038D1D0 /* Project object */;
}
